{
  "requires": true,
  "lockfileVersion": 1,
  "dependencies": {
    "@angular/animations": {
      "version": "13.0.3",
      "resolved": "https://registry.npmjs.org/@angular/animations/-/animations-13.0.3.tgz",
      "integrity": "sha512-wGhUzbf8tOHwNx/8JK3RIUisunayENj1j7aSlm8yrBoawvNdgCQVESyZdtfHxHuScRSpzxSIWdMggZ4G4+DuFg==",
      "requires": {
        "tslib": "^2.3.0"
      }
    },
    "ngx-toastr": {
      "version": "14.2.1",
      "resolved": "https://registry.npmjs.org/ngx-toastr/-/ngx-toastr-14.2.1.tgz",
      "integrity": "sha512-1Kq//y8tTgglUYKHIziZwpo4R7fe4/neidcxfbAXzXtcViSjT4Z21Vgqn/inoBlwoc7E9qXQDuZoJr2lanCgGA==",
      "requires": {
        "tslib": "^2.3.0"
      }
    },
    "tslib": {
      "version": "2.3.1",
      "resolved": "https://registry.npmjs.org/tslib/-/tslib-2.3.1.tgz",
      "integrity": "sha512-77EbyPPpMz+FRFRuAFlWMtmgUWGe9UOG2Z25NqCwiIjRhOf5iKGuzSe5P2w1laq+FkRy4p+PCuVkJSGkzTEKVw=="
    }
  }
}
